dependencies:
  esp-idf-lib/dht:
    component_hash: a0a1b26519566809041bc8fccf754e3ee9b25f73b0decbdc51bfd16143dedd66
    dependencies:
    - name: esp-idf-lib/esp_idf_lib_helpers
      registry_url: https://components.espressif.com
      require: private
      version: '*'
    source:
      registry_url: https://components.espressif.com/
      type: service
    targets:
    - esp32
    - esp32c2
    - esp32c3
    - esp32c5
    - esp32c6
    - esp32c61
    - esp32h2
    - esp32p4
    - esp32s2
    - esp32s3
    version: 1.2.0
  esp-idf-lib/esp_idf_lib_helpers:
    component_hash: 689853bb8993434f9556af0f2816e808bf77b5d22100144b21f3519993daf237
    dependencies: []
    source:
      registry_url: https://components.espressif.com
      type: service
    targets:
    - esp32
    - esp32c2
    - esp32c3
    - esp32c5
    - esp32c6
    - esp32c61
    - esp32h2
    - esp32p4
    - esp32s2
    - esp32s3
    version: 1.4.0
  idf:
    source:
      type: idf
    version: 5.5.3
  protocol_examples_common:
    dependencies: []
    source:
      path: /Users/xaviermolina/.espressif/v5.5.3/esp-idf/examples/common_components/protocol_examples_common
      type: local
    version: '*'
direct_dependencies:
- esp-idf-lib/dht
- protocol_examples_common
manifest_hash: 0fae9dbab219400bebecf8905a6daee9e6cbff87cb4d4667677a91987c365c9b
target: esp32c3
version: 2.0.0
